
Microsoft Visual Studio Solution File, Format Version 12.00
# Visual Studio Version 17
VisualStudioVersion = 17.0.31903.59
MinimumVisualStudioVersion = 10.0.40219.1
Project("{FAE04EC0-301F-11D3-BF4B-00C04F79EFBC}") = "LodClient", "LodClient.csproj", "{022D1F3A-666E-4399-A84E-182F1A1280AF}"
EndProject
Project("{FAE04EC0-301F-11D3-BF4B-00C04F79EFBC}") = "Lod.Mobile.Core", "..\src\Lod.Mobile.Core\Lod.Mobile.Core.csproj", "{9A3BC753-9E0F-45EF-80D9-6E03E99ED179}"
EndProject
Global
	GlobalSection(SolutionConfigurationPlatforms) = preSolution
		Debug|Any CPU = Debug|Any CPU
		Debug|x64 = Debug|x64
		Debug|x86 = Debug|x86
		Release|Any CPU = Release|Any CPU
		Release|x64 = Release|x64
		Release|x86 = Release|x86
	EndGlobalSection
	GlobalSection(ProjectConfigurationPlatforms) = postSolution
		{022D1F3A-666E-4399-A84E-182F1A1280AF}.Debug|Any CPU.ActiveCfg = Debug|Any CPU
		{022D1F3A-666E-4399-A84E-182F1A1280AF}.Debug|Any CPU.Build.0 = Debug|Any CPU
		{022D1F3A-666E-4399-A84E-182F1A1280AF}.Debug|x64.ActiveCfg = Debug|Any CPU
		{022D1F3A-666E-4399-A84E-182F1A1280AF}.Debug|x64.Build.0 = Debug|Any CPU
		{022D1F3A-666E-4399-A84E-182F1A1280AF}.Debug|x86.ActiveCfg = Debug|Any CPU
		{022D1F3A-666E-4399-A84E-182F1A1280AF}.Debug|x86.Build.0 = Debug|Any CPU
		{022D1F3A-666E-4399-A84E-182F1A1280AF}.Release|Any CPU.ActiveCfg = Debug|Any CPU
		{022D1F3A-666E-4399-A84E-182F1A1280AF}.Release|Any CPU.Build.0 = Debug|Any CPU
		{022D1F3A-666E-4399-A84E-182F1A1280AF}.Release|x64.ActiveCfg = Debug|Any CPU
		{022D1F3A-666E-4399-A84E-182F1A1280AF}.Release|x64.Build.0 = Debug|Any CPU
		{022D1F3A-666E-4399-A84E-182F1A1280AF}.Release|x86.ActiveCfg = Debug|Any CPU
		{022D1F3A-666E-4399-A84E-182F1A1280AF}.Release|x86.Build.0 = Debug|Any CPU
		{9A3BC753-9E0F-45EF-80D9-6E03E99ED179}.Debug|Any CPU.ActiveCfg = Debug|Any CPU
		{9A3BC753-9E0F-45EF-80D9-6E03E99ED179}.Debug|Any CPU.Build.0 = Debug|Any CPU
		{9A3BC753-9E0F-45EF-80D9-6E03E99ED179}.Debug|x64.ActiveCfg = Debug|Any CPU
		{9A3BC753-9E0F-45EF-80D9-6E03E99ED179}.Debug|x64.Build.0 = Debug|Any CPU
		{9A3BC753-9E0F-45EF-80D9-6E03E99ED179}.Debug|x86.ActiveCfg = Debug|Any CPU
		{9A3BC753-9E0F-45EF-80D9-6E03E99ED179}.Debug|x86.Build.0 = Debug|Any CPU
		{9A3BC753-9E0F-45EF-80D9-6E03E99ED179}.Release|Any CPU.ActiveCfg = Release|Any CPU
		{9A3BC753-9E0F-45EF-80D9-6E03E99ED179}.Release|Any CPU.Build.0 = Release|Any CPU
		{9A3BC753-9E0F-45EF-80D9-6E03E99ED179}.Release|x64.ActiveCfg = Release|Any CPU
		{9A3BC753-9E0F-45EF-80D9-6E03E99ED179}.Release|x64.Build.0 = Release|Any CPU
		{9A3BC753-9E0F-45EF-80D9-6E03E99ED179}.Release|x86.ActiveCfg = Release|Any CPU
		{9A3BC753-9E0F-45EF-80D9-6E03E99ED179}.Release|x86.Build.0 = Release|Any CPU
	EndGlobalSection
	GlobalSection(SolutionProperties) = preSolution
		HideSolutionNode = FALSE
	EndGlobalSection
EndGlobal
