
Microsoft Visual Studio Solution File, Format Version 12.00
# Visual Studio Version 17
VisualStudioVersion = 17.0.31903.59
MinimumVisualStudioVersion = 10.0.40219.1
Project("{FAE04EC0-301F-11D3-BF4B-00C04F79EFBC}") = "MobileSmoke", "MobileSmoke.csproj", "{7AA91035-03F4-40DA-B21A-995F42E073BD}"
EndProject
Global
	GlobalSection(SolutionConfigurationPlatforms) = preSolution
		Debug|Any CPU = Debug|Any CPU
		ExportDebug|Any CPU = ExportDebug|Any CPU
		ExportRelease|Any CPU = ExportRelease|Any CPU
	EndGlobalSection
	GlobalSection(ProjectConfigurationPlatforms) = postSolution
		{7AA91035-03F4-40DA-B21A-995F42E073BD}.Debug|Any CPU.ActiveCfg = Debug|Any CPU
		{7AA91035-03F4-40DA-B21A-995F42E073BD}.Debug|Any CPU.Build.0 = Debug|Any CPU
		{7AA91035-03F4-40DA-B21A-995F42E073BD}.ExportDebug|Any CPU.ActiveCfg = ExportDebug|Any CPU
		{7AA91035-03F4-40DA-B21A-995F42E073BD}.ExportDebug|Any CPU.Build.0 = ExportDebug|Any CPU
		{7AA91035-03F4-40DA-B21A-995F42E073BD}.ExportRelease|Any CPU.ActiveCfg = ExportRelease|Any CPU
		{7AA91035-03F4-40DA-B21A-995F42E073BD}.ExportRelease|Any CPU.Build.0 = ExportRelease|Any CPU
	EndGlobalSection
EndGlobal
